
Microsoft Visual Studio Solution File, Format Version 12.00
# Visual Studio Version 16
VisualStudioVersion = 16.0.30309.148
MinimumVisualStudioVersion = 10.0.40219.1
Project("{FAE04EC0-301F-11D3-BF4B-00C04F79EFBC}") = "YKnyttLib", "YKnyttLib\YKnyttLib.csproj", "{943E0270-0FE6-42D6-8A0F-219CC072EA02}"
EndProject
Project("{FAE04EC0-301F-11D3-BF4B-00C04F79EFBC}") = "YKnyttLibConsole", "YKnyttLibConsole\YKnyttLibConsole.csproj", "{3E0F08B2-30BC-4B4C-AB07-7D0870C34767}"
EndProject
Project("{FAE04EC0-301F-11D3-BF4B-00C04F79EFBC}") = "INIFileParser", "IniFileParser\INIFileParser.csproj", "{5E46DCF4-C473-4171-9F9B-F3910B5EC407}"
EndProject
Project("{FAE04EC0-301F-11D3-BF4B-00C04F79EFBC}") = "YUtil.BinaryTools", "YUtil.BinaryTools\YUtil.BinaryTools.csproj", "{A9FA2EC5-426A-4BE9-A027-30127B3BB157}"
EndProject
Global
	GlobalSection(SolutionConfigurationPlatforms) = preSolution
		Debug|Any CPU = Debug|Any CPU
		Release|Any CPU = Release|Any CPU
	EndGlobalSection
	GlobalSection(ProjectConfigurationPlatforms) = postSolution
		{943E0270-0FE6-42D6-8A0F-219CC072EA02}.Debug|Any CPU.ActiveCfg = Debug|Any CPU
		{943E0270-0FE6-42D6-8A0F-219CC072EA02}.Debug|Any CPU.Build.0 = Debug|Any CPU
		{943E0270-0FE6-42D6-8A0F-219CC072EA02}.Release|Any CPU.ActiveCfg = Release|Any CPU
		{943E0270-0FE6-42D6-8A0F-219CC072EA02}.Release|Any CPU.Build.0 = Release|Any CPU
		{3E0F08B2-30BC-4B4C-AB07-7D0870C34767}.Debug|Any CPU.ActiveCfg = Debug|Any CPU
		{3E0F08B2-30BC-4B4C-AB07-7D0870C34767}.Debug|Any CPU.Build.0 = Debug|Any CPU
		{3E0F08B2-30BC-4B4C-AB07-7D0870C34767}.Release|Any CPU.ActiveCfg = Release|Any CPU
		{3E0F08B2-30BC-4B4C-AB07-7D0870C34767}.Release|Any CPU.Build.0 = Release|Any CPU
		{5E46DCF4-C473-4171-9F9B-F3910B5EC407}.Debug|Any CPU.ActiveCfg = Debug|Any CPU
		{5E46DCF4-C473-4171-9F9B-F3910B5EC407}.Debug|Any CPU.Build.0 = Debug|Any CPU
		{5E46DCF4-C473-4171-9F9B-F3910B5EC407}.Release|Any CPU.ActiveCfg = Release|Any CPU
		{5E46DCF4-C473-4171-9F9B-F3910B5EC407}.Release|Any CPU.Build.0 = Release|Any CPU
		{A9FA2EC5-426A-4BE9-A027-30127B3BB157}.Debug|Any CPU.ActiveCfg = Debug|Any CPU
		{A9FA2EC5-426A-4BE9-A027-30127B3BB157}.Debug|Any CPU.Build.0 = Debug|Any CPU
		{A9FA2EC5-426A-4BE9-A027-30127B3BB157}.Release|Any CPU.ActiveCfg = Release|Any CPU
		{A9FA2EC5-426A-4BE9-A027-30127B3BB157}.Release|Any CPU.Build.0 = Release|Any CPU
	EndGlobalSection
	GlobalSection(SolutionProperties) = preSolution
		HideSolutionNode = FALSE
	EndGlobalSection
	GlobalSection(ExtensibilityGlobals) = postSolution
		SolutionGuid = {812E4DCD-C925-4082-A468-C0621DB8945E}
	EndGlobalSection
EndGlobal
